// !$*UTF8*$!
{
	archiveVersion = 1;
	classes = {
	};
	objectVersion = 50;
	objects = {

/* Begin PBXBuildFile section */
		49D1FC4622108FDF00E6836E /* AppDelegate.swift in Sources */ = {isa = PBXBuildFile; fileRef = 49D1FC4522108FDF00E6836E /* AppDelegate.swift */; };
		49D1FC4822108FDF00E6836E /* ViewController.swift in Sources */ = {isa = PBXBuildFile; fileRef = 49D1FC4722108FDF00E6836E /* ViewController.swift */; };
		49D1FC4B22108FDF00E6836E /* Main.storyboard in Resources */ = {isa = PBXBuildFile; fileRef = 49D1FC4922108FDF00E6836E /* Main.storyboard */; };
		49D1FC4D22108FE200E6836E /* Assets.xcassets in Resources */ = {isa = PBXBuildFile; fileRef = 49D1FC4C22108FE200E6836E /* Assets.xcassets */; };
		49D1FC5022108FE200E6836E /* LaunchScreen.storyboard in Resources */ = {isa = PBXBuildFile; fileRef = 49D1FC4E22108FE200E6836E /* LaunchScreen.storyboard */; };
		49D1FC5B22108FE200E6836E /* Egg_TimerTests.swift in Sources */ = {isa = PBXBuildFile; fileRef = 49D1FC5A22108FE200E6836E /* Egg_TimerTests.swift */; };
		49D1FC6622108FE200E6836E /* Egg_TimerUITests.swift in Sources */ = {isa = PBXBuildFile; fileRef = 49D1FC6522108FE200E6836E /* Egg_TimerUITests.swift */; };
/* End PBXBuildFile section */

/* Begin PBXContainerItemProxy section */
		49D1FC5722108FE200E6836E /* PBXContainerItemProxy */ = {
			isa = PBXContainerItemProxy;
			containerPortal = 49D1FC3A22108FDF00E6836E /* Project object */;
			proxyType = 1;
			remoteGlobalIDString = 49D1FC4122108FDF00E6836E;
			remoteInfo = "Egg Timer";
		};
		49D1FC6222108FE200E6836E /* PBXContainerItemProxy */ = {
			isa = PBXContainerItemProxy;
			containerPortal = 49D1FC3A22108FDF00E6836E /* Project object */;
			proxyType = 1;
			remoteGlobalIDString = 49D1FC4122108FDF00E6836E;
			remoteInfo = "Egg Timer";
		};
/* End PBXContainerItemProxy section */

/* Begin PBXFileReference section */
		49D1FC4222108FDF00E6836E /* Egg Timer.app */ = {isa = PBXFileReference; explicitFileType = wrapper.application; includeInIndex = 0; path = "Egg Timer.app"; sourceTree = BUILT_PRODUCTS_DIR; };
		49D1FC4522108FDF00E6836E /* AppDelegate.swift */ = {isa = PBXFileReference; lastKnownFileType = sourcecode.swift; path = AppDelegate.swift; sourceTree = "<group>"; };
		49D1FC4722108FDF00E6836E /* ViewController.swift */ = {isa = PBXFileReference; lastKnownFileType = sourcecode.swift; path = ViewController.swift; sourceTree = "<group>"; };
		49D1FC4A22108FDF00E6836E /* Base */ = {isa = PBXFileReference; lastKnownFileType = file.storyboard; name = Base; path = Base.lproj/Main.storyboard; sourceTree = "<group>"; };
		49D1FC4C22108FE200E6836E /* Assets.xcassets */ = {isa = PBXFileReference; lastKnownFileType = folder.assetcatalog; path = Assets.xcassets; sourceTree = "<group>"; };
		49D1FC4F22108FE200E6836E /* Base */ = {isa = PBXFileReference; lastKnownFileType = file.storyboard; name = Base; path = Base.lproj/LaunchScreen.storyboard; sourceTree = "<group>"; };
		49D1FC5122108FE200E6836E /* Info.plist */ = {isa = PBXFileReference; lastKnownFileType = text.plist.xml; path = Info.plist; sourceTree = "<group>"; };
		49D1FC5622108FE200E6836E /* Egg TimerTests.xctest */ = {isa = PBXFileReference; explicitFileType = wrapper.cfbundle; includeInIndex = 0; path = "Egg TimerTests.xctest"; sourceTree = BUILT_PRODUCTS_DIR; };
		49D1FC5A22108FE200E6836E /* Egg_TimerTests.swift */ = {isa = PBXFileReference; lastKnownFileType = sourcecode.swift; path = Egg_TimerTests.swift; sourceTree = "<group>"; };
		49D1FC5C22108FE200E6836E /* Info.plist */ = {isa = PBXFileReference; lastKnownFileType = text.plist.xml; path = Info.plist; sourceTree = "<group>"; };
		49D1FC6122108FE200E6836E /* Egg TimerUITests.xctest */ = {isa = PBXFileReference; explicitFileType = wrapper.cfbundle; includeInIndex = 0; path = "Egg TimerUITests.xctest"; sourceTree = BUILT_PRODUCTS_DIR; };
		49D1FC6522108FE200E6836E /* Egg_TimerUITests.swift */ = {isa = PBXFileReference; lastKnownFileType = sourcecode.swift; path = Egg_TimerUITests.swift; sourceTree = "<group>"; };
		49D1FC6722108FE200E6836E /* Info.plist */ = {isa = PBXFileReference; lastKnownFileType = text.plist.xml; path = Info.plist; sourceTree = "<group>"; };
/* End PBXFileReference section */

/* Begin PBXFrameworksBuildPhase section */
		49D1FC3F22108FDF00E6836E /* Frameworks */ = {
			isa = PBXFrameworksBuildPhase;
			buildActionMask = 2147483647;
			files = (
			);
			runOnlyForDeploymentPostprocessing = 0;
		};
		49D1FC5322108FE200E6836E /* Frameworks */ = {
			isa = PBXFrameworksBuildPhase;
			buildActionMask = 2147483647;
			files = (
			);
			runOnlyForDeploymentPostprocessing = 0;
		};
		49D1FC5E22108FE200E6836E /* Frameworks */ = {
			isa = PBXFrameworksBuildPhase;
			buildActionMask = 2147483647;
			files = (
			);
			runOnlyForDeploymentPostprocessing = 0;
		};
/* End PBXFrameworksBuildPhase section */

/* Begin PBXGroup section */
		49D1FC3922108FDF00E6836E = {
			isa = PBXGroup;
			children = (
				49D1FC4422108FDF00E6836E /* Egg Timer */,
				49D1FC5922108FE200E6836E /* Egg TimerTests */,
				49D1FC6422108FE200E6836E /* Egg TimerUITests */,
				49D1FC4322108FDF00E6836E /* Products */,
			);
			sourceTree = "<group>";
		};
		49D1FC4322108FDF00E6836E /* Products */ = {
			isa = PBXGroup;
			children = (
				49D1FC4222108FDF00E6836E /* Egg Timer.app */,
				49D1FC5622108FE200E6836E /* Egg TimerTests.xctest */,
				49D1FC6122108FE200E6836E /* Egg TimerUITests.xctest */,
			);
			name = Products;
			sourceTree = "<group>";
		};
		49D1FC4422108FDF00E6836E /* Egg Timer */ = {
			isa = PBXGroup;
			children = (
				49D1FC4522108FDF00E6836E /* AppDelegate.swift */,
				49D1FC4722108FDF00E6836E /* ViewController.swift */,
				49D1FC4922108FDF00E6836E /* Main.storyboard */,
				49D1FC4C22108FE200E6836E /* Assets.xcassets */,
				49D1FC4E22108FE200E6836E /* LaunchScreen.storyboard */,
				49D1FC5122108FE200E6836E /* Info.plist */,
			);
			path = "Egg Timer";
			sourceTree = "<group>";
		};
		49D1FC5922108FE200E6836E /* Egg TimerTests */ = {
			isa = PBXGroup;
			children = (
				49D1FC5A22108FE200E6836E /* Egg_TimerTests.swift */,
				49D1FC5C22108FE200E6836E /* Info.plist */,
			);
			path = "Egg TimerTests";
			sourceTree = "<group>";
		};
		49D1FC6422108FE200E6836E /* Egg TimerUITests */ = {
			isa = PBXGroup;
			children = (
				49D1FC6522108FE200E6836E /* Egg_TimerUITests.swift */,
				49D1FC6722108FE200E6836E /* Info.plist */,
			);
			path = "Egg TimerUITests";
			sourceTree = "<group>";
		};
/* End PBXGroup section */

/* Begin PBXNativeTarget section */
		49D1FC4122108FDF00E6836E /* Egg Timer */ = {
			isa = PBXNativeTarget;
			buildConfigurationList = 49D1FC6A22108FE200E6836E /* Build configuration list for PBXNativeTarget "Egg Timer" */;
			buildPhases = (
				49D1FC3E22108FDF00E6836E /* Sources */,
				49D1FC3F22108FDF00E6836E /* Frameworks */,
				49D1FC4022108FDF00E6836E /* Resources */,
			);
			buildRules = (
			);
			dependencies = (
			);
			name = "Egg Timer";
			productName = "Egg Timer";
			productReference = 49D1FC4222108FDF00E6836E /* Egg Timer.app */;
			productType = "com.apple.product-type.application";
		};
		49D1FC5522108FE200E6836E /* Egg TimerTests */ = {
			isa = PBXNativeTarget;
			buildConfigurationList = 49D1FC6D22108FE200E6836E /* Build configuration list for PBXNativeTarget "Egg TimerTests" */;
			buildPhases = (
				49D1FC5222108FE200E6836E /* Sources */,
				49D1FC5322108FE200E6836E /* Frameworks */,
				49D1FC5422108FE200E6836E /* Resources */,
			);
			buildRules = (
			);
			dependencies = (
				49D1FC5822108FE200E6836E /* PBXTargetDependency */,
			);
			name = "Egg TimerTests";
			productName = "Egg TimerTests";
			productReference = 49D1FC5622108FE200E6836E /* Egg TimerTests.xctest */;
			productType = "com.apple.product-type.bundle.unit-test";
		};
		49D1FC6022108FE200E6836E /* Egg TimerUITests */ = {
			isa = PBXNativeTarget;
			buildConfigurationList = 49D1FC7022108FE200E6836E /* Build configuration list for PBXNativeTarget "Egg TimerUITests" */;
			buildPhases = (
				49D1FC5D22108FE200E6836E /* Sources */,
				49D1FC5E22108FE200E6836E /* Frameworks */,
				49D1FC5F22108FE200E6836E /* Resources */,
			);
			buildRules = (
			);
			dependencies = (
				49D1FC6322108FE200E6836E /* PBXTargetDependency */,
			);
			name = "Egg TimerUITests";
			productName = "Egg TimerUITests";
			productReference = 49D1FC6122108FE200E6836E /* Egg TimerUITests.xctest */;
			productType = "com.apple.product-type.bundle.ui-testing";
		};
/* End PBXNativeTarget section */

/* Begin PBXProject section */
		49D1FC3A22108FDF00E6836E /* Project object */ = {
			isa = PBXProject;
			attributes = {
				LastSwiftUpdateCheck = 1010;
				LastUpgradeCheck = 1010;
				ORGANIZATIONNAME = IMCS2;
				TargetAttributes = {
					49D1FC4122108FDF00E6836E = {
						CreatedOnToolsVersion = 10.1;
					};
					49D1FC5522108FE200E6836E = {
						CreatedOnToolsVersion = 10.1;
						TestTargetID = 49D1FC4122108FDF00E6836E;
					};
					49D1FC6022108FE200E6836E = {
						CreatedOnToolsVersion = 10.1;
						TestTargetID = 49D1FC4122108FDF00E6836E;
					};
				};
			};
			buildConfigurationList = 49D1FC3D22108FDF00E6836E /* Build configuration list for PBXProject "Egg Timer" */;
			compatibilityVersion = "Xcode 9.3";
			developmentRegion = en;
			hasScannedForEncodings = 0;
			knownRegions = (
				en,
				Base,
			);
			mainGroup = 49D1FC3922108FDF00E6836E;
			productRefGroup = 49D1FC4322108FDF00E6836E /* Products */;
			projectDirPath = "";
			projectRoot = "";
			targets = (
				49D1FC4122108FDF00E6836E /* Egg Timer */,
				49D1FC5522108FE200E6836E /* Egg TimerTests */,
				49D1FC6022108FE200E6836E /* Egg TimerUITests */,
			);
		};
/* End PBXProject section */

/* Begin PBXResourcesBuildPhase section */
		49D1FC4022108FDF00E6836E /* Resources */ = {
			isa = PBXResourcesBuildPhase;
			buildActionMask = 2147483647;
			files = (
				49D1FC5022108FE200E6836E /* LaunchScreen.storyboard in Resources */,
				49D1FC4D22108FE200E6836E /* Assets.xcassets in Resources */,
				49D1FC4B22108FDF00E6836E /* Main.storyboard in Resources */,
			);
			runOnlyForDeploymentPostprocessing = 0;
		};
		49D1FC5422108FE200E6836E /* Resources */ = {
			isa = PBXResourcesBuildPhase;
			buildActionMask = 2147483647;
			files = (
			);
			runOnlyForDeploymentPostprocessing = 0;
		};
		49D1FC5F22108FE200E6836E /* Resources */ = {
			isa = PBXResourcesBuildPhase;
			buildActionMask = 2147483647;
			files = (
			);
			runOnlyForDeploymentPostprocessing = 0;
		};
/* End PBXResourcesBuildPhase section */

/* Begin PBXSourcesBuildPhase section */
		49D1FC3E22108FDF00E6836E /* Sources */ = {
			isa = PBXSourcesBuildPhase;
			buildActionMask = 2147483647;
			files = (
				49D1FC4822108FDF00E6836E /* ViewController.swift in Sources */,
				49D1FC4622108FDF00E6836E /* AppDelegate.swift in Sources */,
			);
			runOnlyForDeploymentPostprocessing = 0;
		};
		49D1FC5222108FE200E6836E /* Sources */ = {
			isa = PBXSourcesBuildPhase;
			buildActionMask = 2147483647;
			files = (
				49D1FC5B22108FE200E6836E /* Egg_TimerTests.swift in Sources */,
			);
			runOnlyForDeploymentPostprocessing = 0;
		};
		49D1FC5D22108FE200E6836E /* Sources */ = {
			isa = PBXSourcesBuildPhase;
			buildActionMask = 2147483647;
			files = (
				49D1FC6622108FE200E6836E /* Egg_TimerUITests.swift in Sources */,
			);
			runOnlyForDeploymentPostprocessing = 0;
		};
/* End PBXSourcesBuildPhase section */

/* Begin PBXTargetDependency section */
		49D1FC5822108FE200E6836E /* PBXTargetDependency */ = {
			isa = PBXTargetDependency;
			target = 49D1FC4122108FDF00E6836E /* Egg Timer */;
			targetProxy = 49D1FC5722108FE200E6836E /* PBXContainerItemProxy */;
		};
		49D1FC6322108FE200E6836E /* PBXTargetDependency */ = {
			isa = PBXTargetDependency;
			target = 49D1FC4122108FDF00E6836E /* Egg Timer */;
			targetProxy = 49D1FC6222108FE200E6836E /* PBXContainerItemProxy */;
		};
/* End PBXTargetDependency section */

/* Begin PBXVariantGroup section */
		49D1FC4922108FDF00E6836E /* Main.storyboard */ = {
			isa = PBXVariantGroup;
			children = (
				49D1FC4A22108FDF00E6836E /* Base */,
			);
			name = Main.storyboard;
			sourceTree = "<group>";
		};
		49D1FC4E22108FE200E6836E /* LaunchScreen.storyboard */ = {
			isa = PBXVariantGroup;
			children = (
				49D1FC4F22108FE200E6836E /* Base */,
			);
			name = LaunchScreen.storyboard;
			sourceTree = "<group>";
		};
/* End PBXVariantGroup section */

/* Begin XCBuildConfiguration section */
		49D1FC6822108FE200E6836E /* Debug */ = {
			isa = XCBuildConfiguration;
			buildSettings = {
				ALWAYS_SEARCH_USER_PATHS = NO;
				CLANG_ANALYZER_NONNULL = YES;
				CLANG_ANALYZER_NUMBER_OBJECT_CONVERSION = YES_AGGRESSIVE;
				CLANG_CXX_LANGUAGE_STANDARD = "gnu++14";
				CLANG_CXX_LIBRARY = "libc++";
				CLANG_ENABLE_MODULES = YES;
				CLANG_ENABLE_OBJC_ARC = YES;
				CLANG_ENABLE_OBJC_WEAK = YES;
				CLANG_WARN_BLOCK_CAPTURE_AUTORELEASING = YES;
				CLANG_WARN_BOOL_CONVERSION = YES;
				CLANG_WARN_COMMA = YES;
				CLANG_WARN_CONSTANT_CONVERSION = YES;
				CLANG_WARN_DEPRECATED_OBJC_IMPLEMENTATIONS = YES;
				CLANG_WARN_DIRECT_OBJC_ISA_USAGE = YES_ERROR;
				CLANG_WARN_DOCUMENTATION_COMMENTS = YES;
				CLANG_WARN_EMPTY_BODY = YES;
				CLANG_WARN_ENUM_CONVERSION = YES;
				CLANG_WARN_INFINITE_RECURSION = YES;
				CLANG_WARN_INT_CONVERSION = YES;
				CLANG_WARN_NON_LITERAL_NULL_CONVERSION = YES;
				CLANG_WARN_OBJC_IMPLICIT_RETAIN_SELF = YES;
				CLANG_WARN_OBJC_LITERAL_CONVERSION = YES;
				CLANG_WARN_OBJC_ROOT_CLASS = YES_ERROR;
				CLANG_WARN_RANGE_LOOP_ANALYSIS = YES;
				CLANG_WARN_STRICT_PROTOTYPES = YES;
				CLANG_WARN_SUSPICIOUS_MOVE = YES;
				CLANG_WARN_UNGUARDED_AVAILABILITY = YES_AGGRESSIVE;
				CLANG_WARN_UNREACHABLE_CODE = YES;
				CLANG_WARN__DUPLICATE_METHOD_MATCH = YES;
				CODE_SIGN_IDENTITY = "iPhone Developer";
				COPY_PHASE_STRIP = NO;
				DEBUG_INFORMATION_FORMAT = dwarf;
				ENABLE_STRICT_OBJC_MSGSEND = YES;
				ENABLE_TESTABILITY = YES;
				GCC_C_LANGUAGE_STANDARD = gnu11;
				GCC_DYNAMIC_NO_PIC = NO;
				GCC_NO_COMMON_BLOCKS = YES;
				GCC_OPTIMIZATION_LEVEL = 0;
				GCC_PREPROCESSOR_DEFINITIONS = (
					"DEBUG=1",
					"$(inherited)",
				);
				GCC_WARN_64_TO_32_BIT_CONVERSION = YES;
				GCC_WARN_ABOUT_RETURN_TYPE = YES_ERROR;
				GCC_WARN_UNDECLARED_SELECTOR = YES;
				GCC_WARN_UNINITIALIZED_AUTOS = YES_AGGRESSIVE;
				GCC_WARN_UNUSED_FUNCTION = YES;
				GCC_WARN_UNUSED_VARIABLE = YES;
				IPHONEOS_DEPLOYMENT_TARGET = 12.1;
				MTL_ENABLE_DEBUG_INFO = INCLUDE_SOURCE;
				MTL_FAST_MATH = YES;
				ONLY_ACTIVE_ARCH = YES;
				SDKROOT = iphoneos;
				SWIFT_ACTIVE_COMPILATION_CONDITIONS = DEBUG;
				SWIFT_OPTIMIZATION_LEVEL = "-Onone";
			};
			name = Debug;
		};
		49D1FC6922108FE200E6836E /* Release */ = {
			isa = XCBuildConfiguration;
			buildSettings = {
				ALWAYS_SEARCH_USER_PATHS = NO;
				CLANG_ANALYZER_NONNULL = YES;
				CLANG_ANALYZER_NUMBER_OBJECT_CONVERSION = YES_AGGRESSIVE;
				CLANG_CXX_LANGUAGE_STANDARD = "gnu++14";
				CLANG_CXX_LIBRARY = "libc++";
				CLANG_ENABLE_MODULES = YES;
				CLANG_ENABLE_OBJC_ARC = YES;
				CLANG_ENABLE_OBJC_WEAK = YES;
				CLANG_WARN_BLOCK_CAPTURE_AUTORELEASING = YES;
				CLANG_WARN_BOOL_CONVERSION = YES;
				CLANG_WARN_COMMA = YES;
				CLANG_WARN_CONSTANT_CONVERSION = YES;
				CLANG_WARN_DEPRECATED_OBJC_IMPLEMENTATIONS = YES;
				CLANG_WARN_DIRECT_OBJC_ISA_USAGE = YES_ERROR;
				CLANG_WARN_DOCUMENTATION_COMMENTS = YES;
				CLANG_WARN_EMPTY_BODY = YES;
				CLANG_WARN_ENUM_CONVERSION = YES;
				CLANG_WARN_INFINITE_RECURSION = YES;
				CLANG_WARN_INT_CONVERSION = YES;
				CLANG_WARN_NON_LITERAL_NULL_CONVERSION = YES;
				CLANG_WARN_OBJC_IMPLICIT_RETAIN_SELF = YES;
				CLANG_WARN_OBJC_LITERAL_CONVERSION = YES;
				CLANG_WARN_OBJC_ROOT_CLASS = YES_ERROR;
				CLANG_WARN_RANGE_LOOP_ANALYSIS = YES;
				CLANG_WARN_STRICT_PROTOTYPES = YES;
				CLANG_WARN_SUSPICIOUS_MOVE = YES;
				CLANG_WARN_UNGUARDED_AVAILABILITY = YES_AGGRESSIVE;
				CLANG_WARN_UNREACHABLE_CODE = YES;
				CLANG_WARN__DUPLICATE_METHOD_MATCH = YES;
				CODE_SIGN_IDENTITY = "iPhone Developer";
				COPY_PHASE_STRIP = NO;
				DEBUG_INFORMATION_FORMAT = "dwarf-with-dsym";
				ENABLE_NS_ASSERTIONS = NO;
				ENABLE_STRICT_OBJC_MSGSEND = YES;
				GCC_C_LANGUAGE_STANDARD = gnu11;
				GCC_NO_COMMON_BLOCKS = YES;
				GCC_WARN_64_TO_32_BIT_CONVERSION = YES;
				GCC_WARN_ABOUT_RETURN_TYPE = YES_ERROR;
				GCC_WARN_UNDECLARED_SELECTOR = YES;
				GCC_WARN_UNINITIALIZED_AUTOS = YES_AGGRESSIVE;
				GCC_WARN_UNUSED_FUNCTION = YES;
				GCC_WARN_UNUSED_VARIABLE = YES;
				IPHONEOS_DEPLOYMENT_TARGET = 12.1;
				MTL_ENABLE_DEBUG_INFO = NO;
				MTL_FAST_MATH = YES;
				SDKROOT = iphoneos;
				SWIFT_COMPILATION_MODE = wholemodule;
				SWIFT_OPTIMIZATION_LEVEL = "-O";
				VALIDATE_PRODUCT = YES;
			};
			name = Release;
		};
		49D1FC6B22108FE200E6836E /* Debug */ = {
			isa = XCBuildConfiguration;
			buildSettings = {
				ASSETCATALOG_COMPILER_APPICON_NAME = AppIcon;
				CODE_SIGN_STYLE = Automatic;
				INFOPLIST_FILE = "Egg Timer/Info.plist";
				LD_RUNPATH_SEARCH_PATHS = (
					"$(inherited)",
					"@executable_path/Frameworks",
				);
				PRODUCT_BUNDLE_IDENTIFIER = "a.Egg-Timer";
				PRODUCT_NAME = "$(TARGET_NAME)";
				SWIFT_VERSION = 4.2;
				TARGETED_DEVICE_FAMILY = "1,2";
			};
			name = Debug;
		};
		49D1FC6C22108FE200E6836E /* Release */ = {
			isa = XCBuildConfiguration;
			buildSettings = {
				ASSETCATALOG_COMPILER_APPICON_NAME = AppIcon;
				CODE_SIGN_STYLE = Automatic;
				INFOPLIST_FILE = "Egg Timer/Info.plist";
				LD_RUNPATH_SEARCH_PATHS = (
					"$(inherited)",
					"@executable_path/Frameworks",
				);
				PRODUCT_BUNDLE_IDENTIFIER = "a.Egg-Timer";
				PRODUCT_NAME = "$(TARGET_NAME)";
				SWIFT_VERSION = 4.2;
				TARGETED_DEVICE_FAMILY = "1,2";
			};
			name = Release;
		};
		49D1FC6E22108FE200E6836E /* Debug */ = {
			isa = XCBuildConfiguration;
			buildSettings = {
				ALWAYS_EMBED_SWIFT_STANDARD_LIBRARIES = YES;
				BUNDLE_LOADER = "$(TEST_HOST)";
				CODE_SIGN_STYLE = Automatic;
				INFOPLIST_FILE = "Egg TimerTests/Info.plist";
				LD_RUNPATH_SEARCH_PATHS = (
					"$(inherited)",
					"@executable_path/Frameworks",
					"@loader_path/Frameworks",
				);
				PRODUCT_BUNDLE_IDENTIFIER = "a.Egg-TimerTests";
				PRODUCT_NAME = "$(TARGET_NAME)";
				SWIFT_VERSION = 4.2;
				TARGETED_DEVICE_FAMILY = "1,2";
				TEST_HOST = "$(BUILT_PRODUCTS_DIR)/Egg Timer.app/Egg Timer";
			};
			name = Debug;
		};
		49D1FC6F22108FE200E6836E /* Release */ = {
			isa = XCBuildConfiguration;
			buildSettings = {
				ALWAYS_EMBED_SWIFT_STANDARD_LIBRARIES = YES;
				BUNDLE_LOADER = "$(TEST_HOST)";
				CODE_SIGN_STYLE = Automatic;
				INFOPLIST_FILE = "Egg TimerTests/Info.plist";
				LD_RUNPATH_SEARCH_PATHS = (
					"$(inherited)",
					"@executable_path/Frameworks",
					"@loader_path/Frameworks",
				);
				PRODUCT_BUNDLE_IDENTIFIER = "a.Egg-TimerTests";
				PRODUCT_NAME = "$(TARGET_NAME)";
				SWIFT_VERSION = 4.2;
				TARGETED_DEVICE_FAMILY = "1,2";
				TEST_HOST = "$(BUILT_PRODUCTS_DIR)/Egg Timer.app/Egg Timer";
			};
			name = Release;
		};
		49D1FC7122108FE200E6836E /* Debug */ = {
			isa = XCBuildConfiguration;
			buildSettings = {
				ALWAYS_EMBED_SWIFT_STANDARD_LIBRARIES = YES;
				CODE_SIGN_STYLE = Automatic;
				INFOPLIST_FILE = "Egg TimerUITests/Info.plist";
				LD_RUNPATH_SEARCH_PATHS = (
					"$(inherited)",
					"@executable_path/Frameworks",
					"@loader_path/Frameworks",
				);
				PRODUCT_BUNDLE_IDENTIFIER = "a.Egg-TimerUITests";
				PRODUCT_NAME = "$(TARGET_NAME)";
				SWIFT_VERSION = 4.2;
				TARGETED_DEVICE_FAMILY = "1,2";
				TEST_TARGET_NAME = "Egg Timer";
			};
			name = Debug;
		};
		49D1FC7222108FE200E6836E /* Release */ = {
			isa = XCBuildConfiguration;
			buildSettings = {
				ALWAYS_EMBED_SWIFT_STANDARD_LIBRARIES = YES;
				CODE_SIGN_STYLE = Automatic;
				INFOPLIST_FILE = "Egg TimerUITests/Info.plist";
				LD_RUNPATH_SEARCH_PATHS = (
					"$(inherited)",
					"@executable_path/Frameworks",
					"@loader_path/Frameworks",
				);
				PRODUCT_BUNDLE_IDENTIFIER = "a.Egg-TimerUITests";
				PRODUCT_NAME = "$(TARGET_NAME)";
				SWIFT_VERSION = 4.2;
				TARGETED_DEVICE_FAMILY = "1,2";
				TEST_TARGET_NAME = "Egg Timer";
			};
			name = Release;
		};
/* End XCBuildConfiguration section */

/* Begin XCConfigurationList section */
		49D1FC3D22108FDF00E6836E /* Build configuration list for PBXProject "Egg Timer" */ = {
			isa = XCConfigurationList;
			buildConfigurations = (
				49D1FC6822108FE200E6836E /* Debug */,
				49D1FC6922108FE200E6836E /* Release */,
			);
			defaultConfigurationIsVisible = 0;
			defaultConfigurationName = Release;
		};
		49D1FC6A22108FE200E6836E /* Build configuration list for PBXNativeTarget "Egg Timer" */ = {
			isa = XCConfigurationList;
			buildConfigurations = (
				49D1FC6B22108FE200E6836E /* Debug */,
				49D1FC6C22108FE200E6836E /* Release */,
			);
			defaultConfigurationIsVisible = 0;
			defaultConfigurationName = Release;
		};
		49D1FC6D22108FE200E6836E /* Build configuration list for PBXNativeTarget "Egg TimerTests" */ = {
			isa = XCConfigurationList;
			buildConfigurations = (
				49D1FC6E22108FE200E6836E /* Debug */,
				49D1FC6F22108FE200E6836E /* Release */,
			);
			defaultConfigurationIsVisible = 0;
			defaultConfigurationName = Release;
		};
		49D1FC7022108FE200E6836E /* Build configuration list for PBXNativeTarget "Egg TimerUITests" */ = {
			isa = XCConfigurationList;
			buildConfigurations = (
				49D1FC7122108FE200E6836E /* Debug */,
				49D1FC7222108FE200E6836E /* Release */,
			);
			defaultConfigurationIsVisible = 0;
			defaultConfigurationName = Release;
		};
/* End XCConfigurationList section */
	};
	rootObject = 49D1FC3A22108FDF00E6836E /* Project object */;
}
